<?xml version="1.0" encoding="utf-8"?>
<Project ToolsVersion="4.0" xmlns="http://schemas.microsoft.com/developer/msbuild/2003">
  <ItemGroup>
    <Filter Include="Source Files">
      <UniqueIdentifier>{4FC737F1-C7A5-4376-A066-2A32D752A2FF}</UniqueIdentifier>
      <Extensions>cpp;c;cc;cxx;c++;cppm;ixx;def;odl;idl;hpj;bat;asm;asmx</Extensions>
    </Filter>
    <Filter Include="Header Files">
      <UniqueIdentifier>{93995380-89BD-4b04-88EB-625FBE52EBFB}</UniqueIdentifier>
      <Extensions>h;hh;hpp;hxx;h++;hm;inl;inc;ipp;xsd</Extensions>
    </Filter>
    <Filter Include="Resource Files">
      <UniqueIdentifier>{67DA6AB6-F800-4c08-8B7A-83BB121AAD01}</UniqueIdentifier>
      <Extensions>rc;ico;cur;bmp;dlg;rc2;rct;bin;rgs;gif;jpg;jpeg;jpe;resx;tiff;tif;png;wav;mfcribbon-ms</Extensions>
    </Filter>
    <Filter Include="Source Files\Core">
      <UniqueIdentifier>{a1ff36e2-4613-4066-a6d1-d9e827a446ce}</UniqueIdentifier>
    </Filter>
    <Filter Include="Source Files\Render">
      <UniqueIdentifier>{05ff69ad-e518-4b70-9dbc-5c7f064a7d61}</UniqueIdentifier>
    </Filter>
    <Filter Include="Source Files\ECS">
      <UniqueIdentifier>{8fe8c041-2c5a-4d2a-90ac-601672051e98}</UniqueIdentifier>
    </Filter>
    <Filter Include="Source Files\Spatial">
      <UniqueIdentifier>{07b503e6-21ca-42b7-97eb-e8274836a32d}</UniqueIdentifier>
    </Filter>
    <Filter Include="Source Files\ECS\Entity">
      <UniqueIdentifier>{6155ee7a-d002-4478-a5b6-37da70e61d0c}</UniqueIdentifier>
    </Filter>
    <Filter Include="Source Files\ECS\Component">
      <UniqueIdentifier>{5186cadc-e256-49b2-a979-65a46554a352}</UniqueIdentifier>
    </Filter>
    <Filter Include="Source Files\ECS\System">
      <UniqueIdentifier>{3167e9f8-d449-4104-906d-9d5fae0bd7b0}</UniqueIdentifier>
    </Filter>
  </ItemGroup>
  <ItemGroup>
    <ClCompile Include="Penguine.cxx">
      <Filter>Source Files</Filter>
    </ClCompile>
    <ClCompile Include="App.ixx">
      <Filter>Source Files\Core</Filter>
    </ClCompile>
    <ClCompile Include="Window.ixx">
      <Filter>Source Files\Core</Filter>
    </ClCompile>
    <ClCompile Include="ECS.ixx">
      <Filter>Source Files\ECS</Filter>
    </ClCompile>
    <ClCompile Include="RenderSystem.ixx">
      <Filter>Source Files\Render</Filter>
    </ClCompile>
    <ClCompile Include="MeshComponent.ixx">
      <Filter>Source Files\Render</Filter>
    </ClCompile>
    <ClCompile Include="TransformComponent.ixx">
      <Filter>Source Files\Spatial</Filter>
    </ClCompile>
    <ClCompile Include="Mathematics.ixx">
      <Filter>Source Files</Filter>
    </ClCompile>
    <ClCompile Include="Component.ixx">
      <Filter>Source Files\ECS\Component</Filter>
    </ClCompile>
    <ClCompile Include="ComponentGroup.ixx">
      <Filter>Source Files\ECS\Component</Filter>
    </ClCompile>
    <ClCompile Include="ComponentManager.ixx">
      <Filter>Source Files\ECS\Component</Filter>
    </ClCompile>
    <ClCompile Include="Entity.ixx">
      <Filter>Source Files\ECS\Entity</Filter>
    </ClCompile>
    <ClCompile Include="EntityManager.ixx">
      <Filter>Source Files\ECS\Entity</Filter>
    </ClCompile>
    <ClCompile Include="System.ixx">
      <Filter>Source Files\ECS\System</Filter>
    </ClCompile>
    <ClCompile Include="SystemManager.ixx">
      <Filter>Source Files\ECS\System</Filter>
    </ClCompile>
  </ItemGroup>
  <ItemGroup>
    <ClInclude Include="ECS.h">
      <Filter>Source Files\ECS</Filter>
    </ClInclude>
    <ClInclude Include="Penguine.h">
      <Filter>Source Files</Filter>
    </ClInclude>
  </ItemGroup>
</Project>