
Microsoft Visual Studio Solution File, Format Version 12.00
# Visual Studio Version 17
VisualStudioVersion = 17.14.36518.9
MinimumVisualStudioVersion = 10.0.40219.1
Project("{8BC9CEB8-8B4A-11D0-8D11-00A0C91BC942}") = "Penguine", "Penguine\Penguine.vcxproj", "{1BEC9439-442F-423E-A034-0B08385A0CC9}"
EndProject
Project("{8BC9CEB8-8B4A-11D0-8D11-00A0C91BC942}") = "TestApp", "TestGame\TestGame.vcxproj", "{9F83ED99-5435-485B-9BD8-36997A574175}"
EndProject
Global
	GlobalSection(SolutionConfigurationPlatforms) = preSolution
		Debug|x64 = Debug|x64
		Debug|x86 = Debug|x86
		Release|x64 = Release|x64
		Release|x86 = Release|x86
	EndGlobalSection
	GlobalSection(ProjectConfigurationPlatforms) = postSolution
		{1BEC9439-442F-423E-A034-0B08385A0CC9}.Debug|x64.ActiveCfg = Debug|x64
		{1BEC9439-442F-423E-A034-0B08385A0CC9}.Debug|x64.Build.0 = Debug|x64
		{1BEC9439-442F-423E-A034-0B08385A0CC9}.Debug|x86.ActiveCfg = Debug|Win32
		{1BEC9439-442F-423E-A034-0B08385A0CC9}.Debug|x86.Build.0 = Debug|Win32
		{1BEC9439-442F-423E-A034-0B08385A0CC9}.Release|x64.ActiveCfg = Release|x64
		{1BEC9439-442F-423E-A034-0B08385A0CC9}.Release|x64.Build.0 = Release|x64
		{1BEC9439-442F-423E-A034-0B08385A0CC9}.Release|x86.ActiveCfg = Release|Win32
		{1BEC9439-442F-423E-A034-0B08385A0CC9}.Release|x86.Build.0 = Release|Win32
		{9F83ED99-5435-485B-9BD8-36997A574175}.Debug|x64.ActiveCfg = Debug|x64
		{9F83ED99-5435-485B-9BD8-36997A574175}.Debug|x64.Build.0 = Debug|x64
		{9F83ED99-5435-485B-9BD8-36997A574175}.Debug|x86.ActiveCfg = Debug|Win32
		{9F83ED99-5435-485B-9BD8-36997A574175}.Debug|x86.Build.0 = Debug|Win32
		{9F83ED99-5435-485B-9BD8-36997A574175}.Release|x64.ActiveCfg = Release|x64
		{9F83ED99-5435-485B-9BD8-36997A574175}.Release|x64.Build.0 = Release|x64
		{9F83ED99-5435-485B-9BD8-36997A574175}.Release|x86.ActiveCfg = Release|Win32
		{9F83ED99-5435-485B-9BD8-36997A574175}.Release|x86.Build.0 = Release|Win32
	EndGlobalSection
	GlobalSection(SolutionProperties) = preSolution
		HideSolutionNode = FALSE
	EndGlobalSection
	GlobalSection(ExtensibilityGlobals) = postSolution
		SolutionGuid = {F5026C93-AB2F-4045-935E-3E921B158EC0}
	EndGlobalSection
EndGlobal
